
Microsoft Visual Studio Solution File, Format Version 12.00
# Visual Studio 2012
Project("{FAE04EC0-301F-11D3-BF4B-00C04F79EFBC}") = "MVC4SQLServerCompact4Ornek", "MVC4SQLServerCompact4Ornek\MVC4SQLServerCompact4Ornek.csproj", "{1DE54FE5-3BF0-4AF5-B27E-E9DA2BE8A86F}"
EndProject
Global
	GlobalSection(SolutionConfigurationPlatforms) = preSolution
		Debug|Any CPU = Debug|Any CPU
		Release|Any CPU = Release|Any CPU
	EndGlobalSection
	GlobalSection(ProjectConfigurationPlatforms) = postSolution
		{1DE54FE5-3BF0-4AF5-B27E-E9DA2BE8A86F}.Debug|Any CPU.ActiveCfg = Debug|Any CPU
		{1DE54FE5-3BF0-4AF5-B27E-E9DA2BE8A86F}.Debug|Any CPU.Build.0 = Debug|Any CPU
		{1DE54FE5-3BF0-4AF5-B27E-E9DA2BE8A86F}.Release|Any CPU.ActiveCfg = Release|Any CPU
		{1DE54FE5-3BF0-4AF5-B27E-E9DA2BE8A86F}.Release|Any CPU.Build.0 = Release|Any CPU
	EndGlobalSection
	GlobalSection(SolutionProperties) = preSolution
		HideSolutionNode = FALSE
	EndGlobalSection
EndGlobal
